
Microsoft Visual Studio Solution File, Format Version 12.00
# Visual Studio Version 17
VisualStudioVersion = 17.9.34723.18
MinimumVisualStudioVersion = 10.0.40219.1
Project("{9A19103F-16F7-4668-BE54-9A1E7A4F7556}") = "Progra2-Examen1", "Progra2-Examen1.csproj", "{4A71B0EC-AD94-42AC-ACCB-2E802F2A2A5E}"
EndProject
Project("{FAE04EC0-301F-11D3-BF4B-00C04F79EFBC}") = "MyPokemon.Fav.Business", "..\MyPokemon.Fav.Business\MyPokemon.Fav.Business.csproj", "{714874BD-0003-4DD7-83FC-ED7A8FDDFEB2}"
EndProject
Global
	GlobalSection(SolutionConfigurationPlatforms) = preSolution
		Debug|Any CPU = Debug|Any CPU
		Release|Any CPU = Release|Any CPU
	EndGlobalSection
	GlobalSection(ProjectConfigurationPlatforms) = postSolution
		{4A71B0EC-AD94-42AC-ACCB-2E802F2A2A5E}.Debug|Any CPU.ActiveCfg = Debug|Any CPU
		{4A71B0EC-AD94-42AC-ACCB-2E802F2A2A5E}.Debug|Any CPU.Build.0 = Debug|Any CPU
		{4A71B0EC-AD94-42AC-ACCB-2E802F2A2A5E}.Release|Any CPU.ActiveCfg = Release|Any CPU
		{4A71B0EC-AD94-42AC-ACCB-2E802F2A2A5E}.Release|Any CPU.Build.0 = Release|Any CPU
		{714874BD-0003-4DD7-83FC-ED7A8FDDFEB2}.Debug|Any CPU.ActiveCfg = Debug|Any CPU
		{714874BD-0003-4DD7-83FC-ED7A8FDDFEB2}.Debug|Any CPU.Build.0 = Debug|Any CPU
		{714874BD-0003-4DD7-83FC-ED7A8FDDFEB2}.Release|Any CPU.ActiveCfg = Release|Any CPU
		{714874BD-0003-4DD7-83FC-ED7A8FDDFEB2}.Release|Any CPU.Build.0 = Release|Any CPU
	EndGlobalSection
	GlobalSection(SolutionProperties) = preSolution
		HideSolutionNode = FALSE
	EndGlobalSection
	GlobalSection(ExtensibilityGlobals) = postSolution
		SolutionGuid = {6D0ACB06-03BE-4BB5-AD88-24B5D354C943}
	EndGlobalSection
EndGlobal
